// !$*UTF8*$!
{
	archiveVersion = 1;
	classes = {
	};
	objectVersion = 46;
	objects = {

/* Begin PBXBuildFile section */
		42A287C21E33F91A00A44A3E /* AppDelegate.swift in Sources */ = {isa = PBXBuildFile; fileRef = 42A287C11E33F91A00A44A3E /* AppDelegate.swift */; };
		42A287C41E33F91A00A44A3E /* ViewController.swift in Sources */ = {isa = PBXBuildFile; fileRef = 42A287C31E33F91A00A44A3E /* ViewController.swift */; };
		42A287C71E33F91A00A44A3E /* Main.storyboard in Resources */ = {isa = PBXBuildFile; fileRef = 42A287C51E33F91A00A44A3E /* Main.storyboard */; };
		42A287C91E33F91A00A44A3E /* Assets.xcassets in Resources */ = {isa = PBXBuildFile; fileRef = 42A287C81E33F91A00A44A3E /* Assets.xcassets */; };
		42A287CC1E33F91A00A44A3E /* LaunchScreen.storyboard in Resources */ = {isa = PBXBuildFile; fileRef = 42A287CA1E33F91A00A44A3E /* LaunchScreen.storyboard */; };
		42A287D71E33F91A00A44A3E /* HubbaTests.swift in Sources */ = {isa = PBXBuildFile; fileRef = 42A287D61E33F91A00A44A3E /* HubbaTests.swift */; };
/* End PBXBuildFile section */

/* Begin PBXContainerItemProxy section */
		42A287D31E33F91A00A44A3E /* PBXContainerItemProxy */ = {
			isa = PBXContainerItemProxy;
			containerPortal = 42A287B61E33F91A00A44A3E /* Project object */;
			proxyType = 1;
			remoteGlobalIDString = 42A287BD1E33F91A00A44A3E;
			remoteInfo = Hubba;
		};
/* End PBXContainerItemProxy section */

/* Begin PBXFileReference section */
		42A287BE1E33F91A00A44A3E /* Hubba.app */ = {isa = PBXFileReference; explicitFileType = wrapper.application; includeInIndex = 0; path = Hubba.app; sourceTree = BUILT_PRODUCTS_DIR; };
		42A287C11E33F91A00A44A3E /* AppDelegate.swift */ = {isa = PBXFileReference; lastKnownFileType = sourcecode.swift; path = AppDelegate.swift; sourceTree = "<group>"; };
		42A287C31E33F91A00A44A3E /* ViewController.swift */ = {isa = PBXFileReference; lastKnownFileType = sourcecode.swift; path = ViewController.swift; sourceTree = "<group>"; };
		42A287C61E33F91A00A44A3E /* Base */ = {isa = PBXFileReference; lastKnownFileType = file.storyboard; name = Base; path = Base.lproj/Main.storyboard; sourceTree = "<group>"; };
		42A287C81E33F91A00A44A3E /* Assets.xcassets */ = {isa = PBXFileReference; lastKnownFileType = folder.assetcatalog; path = Assets.xcassets; sourceTree = "<group>"; };
		42A287CB1E33F91A00A44A3E /* Base */ = {isa = PBXFileReference; lastKnownFileType = file.storyboard; name = Base; path = Base.lproj/LaunchScreen.storyboard; sourceTree = "<group>"; };
		42A287CD1E33F91A00A44A3E /* Info.plist */ = {isa = PBXFileReference; lastKnownFileType = text.plist.xml; path = Info.plist; sourceTree = "<group>"; };
		42A287D21E33F91A00A44A3E /* HubbaTests.xctest */ = {isa = PBXFileReference; explicitFileType = wrapper.cfbundle; includeInIndex = 0; path = HubbaTests.xctest; sourceTree = BUILT_PRODUCTS_DIR; };
		42A287D61E33F91A00A44A3E /* HubbaTests.swift */ = {isa = PBXFileReference; lastKnownFileType = sourcecode.swift; path = HubbaTests.swift; sourceTree = "<group>"; };
		42A287D81E33F91A00A44A3E /* Info.plist */ = {isa = PBXFileReference; lastKnownFileType = text.plist.xml; path = Info.plist; sourceTree = "<group>"; };
/* End PBXFileReference section */

/* Begin PBXFrameworksBuildPhase section */
		42A287BB1E33F91A00A44A3E /* Frameworks */ = {
			isa = PBXFrameworksBuildPhase;
			buildActionMask = 2147483647;
			files = (
			);
			runOnlyForDeploymentPostprocessing = 0;
		};
		42A287CF1E33F91A00A44A3E /* Frameworks */ = {
			isa = PBXFrameworksBuildPhase;
			buildActionMask = 2147483647;
			files = (
			);
			runOnlyForDeploymentPostprocessing = 0;
		};
/* End PBXFrameworksBuildPhase section */

/* Begin PBXGroup section */
		42A287B51E33F91A00A44A3E = {
			isa = PBXGroup;
			children = (
				42A287C01E33F91A00A44A3E /* Hubba */,
				42A287D51E33F91A00A44A3E /* HubbaTests */,
				42A287BF1E33F91A00A44A3E /* Products */,
			);
			sourceTree = "<group>";
		};
		42A287BF1E33F91A00A44A3E /* Products */ = {
			isa = PBXGroup;
			children = (
				42A287BE1E33F91A00A44A3E /* Hubba.app */,
				42A287D21E33F91A00A44A3E /* HubbaTests.xctest */,
			);
			name = Products;
			sourceTree = "<group>";
		};
		42A287C01E33F91A00A44A3E /* Hubba */ = {
			isa = PBXGroup;
			children = (
				42A287C11E33F91A00A44A3E /* AppDelegate.swift */,
				42A287C31E33F91A00A44A3E /* ViewController.swift */,
				42A287C51E33F91A00A44A3E /* Main.storyboard */,
				42A287C81E33F91A00A44A3E /* Assets.xcassets */,
				42A287CA1E33F91A00A44A3E /* LaunchScreen.storyboard */,
				42A287CD1E33F91A00A44A3E /* Info.plist */,
			);
			path = Hubba;
			sourceTree = "<group>";
		};
		42A287D51E33F91A00A44A3E /* HubbaTests */ = {
			isa = PBXGroup;
			children = (
				42A287D61E33F91A00A44A3E /* HubbaTests.swift */,
				42A287D81E33F91A00A44A3E /* Info.plist */,
			);
			path = HubbaTests;
			sourceTree = "<group>";
		};
/* End PBXGroup section */

/* Begin PBXNativeTarget section */
		42A287BD1E33F91A00A44A3E /* Hubba */ = {
			isa = PBXNativeTarget;
			buildConfigurationList = 42A287DB1E33F91A00A44A3E /* Build configuration list for PBXNativeTarget "Hubba" */;
			buildPhases = (
				42A287BA1E33F91A00A44A3E /* Sources */,
				42A287BB1E33F91A00A44A3E /* Frameworks */,
				42A287BC1E33F91A00A44A3E /* Resources */,
			);
			buildRules = (
			);
			dependencies = (
			);
			name = Hubba;
			productName = Hubba;
			productReference = 42A287BE1E33F91A00A44A3E /* Hubba.app */;
			productType = "com.apple.product-type.application";
		};
		42A287D11E33F91A00A44A3E /* HubbaTests */ = {
			isa = PBXNativeTarget;
			buildConfigurationList = 42A287DE1E33F91A00A44A3E /* Build configuration list for PBXNativeTarget "HubbaTests" */;
			buildPhases = (
				42A287CE1E33F91A00A44A3E /* Sources */,
				42A287CF1E33F91A00A44A3E /* Frameworks */,
				42A287D01E33F91A00A44A3E /* Resources */,
			);
			buildRules = (
			);
			dependencies = (
				42A287D41E33F91A00A44A3E /* PBXTargetDependency */,
			);
			name = HubbaTests;
			productName = HubbaTests;
			productReference = 42A287D21E33F91A00A44A3E /* HubbaTests.xctest */;
			productType = "com.apple.product-type.bundle.unit-test";
		};
/* End PBXNativeTarget section */

/* Begin PBXProject section */
		42A287B61E33F91A00A44A3E /* Project object */ = {
			isa = PBXProject;
			attributes = {
				LastSwiftUpdateCheck = 0820;
				LastUpgradeCheck = 0820;
				ORGANIZATIONNAME = Hubba;
				TargetAttributes = {
					42A287BD1E33F91A00A44A3E = {
						CreatedOnToolsVersion = 8.2.1;
						ProvisioningStyle = Automatic;
					};
					42A287D11E33F91A00A44A3E = {
						CreatedOnToolsVersion = 8.2.1;
						ProvisioningStyle = Automatic;
						TestTargetID = 42A287BD1E33F91A00A44A3E;
					};
				};
			};
			buildConfigurationList = 42A287B91E33F91A00A44A3E /* Build configuration list for PBXProject "Hubba" */;
			compatibilityVersion = "Xcode 3.2";
			developmentRegion = English;
			hasScannedForEncodings = 0;
			knownRegions = (
				en,
				Base,
			);
			mainGroup = 42A287B51E33F91A00A44A3E;
			productRefGroup = 42A287BF1E33F91A00A44A3E /* Products */;
			projectDirPath = "";
			projectRoot = "";
			targets = (
				42A287BD1E33F91A00A44A3E /* Hubba */,
				42A287D11E33F91A00A44A3E /* HubbaTests */,
			);
		};
/* End PBXProject section */

/* Begin PBXResourcesBuildPhase section */
		42A287BC1E33F91A00A44A3E /* Resources */ = {
			isa = PBXResourcesBuildPhase;
			buildActionMask = 2147483647;
			files = (
				42A287CC1E33F91A00A44A3E /* LaunchScreen.storyboard in Resources */,
				42A287C91E33F91A00A44A3E /* Assets.xcassets in Resources */,
				42A287C71E33F91A00A44A3E /* Main.storyboard in Resources */,
			);
			runOnlyForDeploymentPostprocessing = 0;
		};
		42A287D01E33F91A00A44A3E /* Resources */ = {
			isa = PBXResourcesBuildPhase;
			buildActionMask = 2147483647;
			files = (
			);
			runOnlyForDeploymentPostprocessing = 0;
		};
/* End PBXResourcesBuildPhase section */

/* Begin PBXSourcesBuildPhase section */
		42A287BA1E33F91A00A44A3E /* Sources */ = {
			isa = PBXSourcesBuildPhase;
			buildActionMask = 2147483647;
			files = (
				42A287C41E33F91A00A44A3E /* ViewController.swift in Sources */,
				42A287C21E33F91A00A44A3E /* AppDelegate.swift in Sources */,
			);
			runOnlyForDeploymentPostprocessing = 0;
		};
		42A287CE1E33F91A00A44A3E /* Sources */ = {
			isa = PBXSourcesBuildPhase;
			buildActionMask = 2147483647;
			files = (
				42A287D71E33F91A00A44A3E /* HubbaTests.swift in Sources */,
			);
			runOnlyForDeploymentPostprocessing = 0;
		};
/* End PBXSourcesBuildPhase section */

/* Begin PBXTargetDependency section */
		42A287D41E33F91A00A44A3E /* PBXTargetDependency */ = {
			isa = PBXTargetDependency;
			target = 42A287BD1E33F91A00A44A3E /* Hubba */;
			targetProxy = 42A287D31E33F91A00A44A3E /* PBXContainerItemProxy */;
		};
/* End PBXTargetDependency section */

/* Begin PBXVariantGroup section */
		42A287C51E33F91A00A44A3E /* Main.storyboard */ = {
			isa = PBXVariantGroup;
			children = (
				42A287C61E33F91A00A44A3E /* Base */,
			);
			name = Main.storyboard;
			sourceTree = "<group>";
		};
		42A287CA1E33F91A00A44A3E /* LaunchScreen.storyboard */ = {
			isa = PBXVariantGroup;
			children = (
				42A287CB1E33F91A00A44A3E /* Base */,
			);
			name = LaunchScreen.storyboard;
			sourceTree = "<group>";
		};
/* End PBXVariantGroup section */

/* Begin XCBuildConfiguration section */
		42A287D91E33F91A00A44A3E /* Debug */ = {
			isa = XCBuildConfiguration;
			buildSettings = {
				ALWAYS_SEARCH_USER_PATHS = NO;
				CLANG_ANALYZER_NONNULL = YES;
				CLANG_CXX_LANGUAGE_STANDARD = "gnu++0x";
				CLANG_CXX_LIBRARY = "libc++";
				CLANG_ENABLE_MODULES = YES;
				CLANG_ENABLE_OBJC_ARC = YES;
				CLANG_WARN_BOOL_CONVERSION = YES;
				CLANG_WARN_CONSTANT_CONVERSION = YES;
				CLANG_WARN_DIRECT_OBJC_ISA_USAGE = YES_ERROR;
				CLANG_WARN_DOCUMENTATION_COMMENTS = YES;
				CLANG_WARN_EMPTY_BODY = YES;
				CLANG_WARN_ENUM_CONVERSION = YES;
				CLANG_WARN_INFINITE_RECURSION = YES;
				CLANG_WARN_INT_CONVERSION = YES;
				CLANG_WARN_OBJC_ROOT_CLASS = YES_ERROR;
				CLANG_WARN_SUSPICIOUS_MOVE = YES;
				CLANG_WARN_UNREACHABLE_CODE = YES;
				CLANG_WARN__DUPLICATE_METHOD_MATCH = YES;
				"CODE_SIGN_IDENTITY[sdk=iphoneos*]" = "iPhone Developer";
				COPY_PHASE_STRIP = NO;
				DEBUG_INFORMATION_FORMAT = dwarf;
				ENABLE_STRICT_OBJC_MSGSEND = YES;
				ENABLE_TESTABILITY = YES;
				GCC_C_LANGUAGE_STANDARD = gnu99;
				GCC_DYNAMIC_NO_PIC = NO;
				GCC_NO_COMMON_BLOCKS = YES;
				GCC_OPTIMIZATION_LEVEL = 0;
				GCC_PREPROCESSOR_DEFINITIONS = (
					"DEBUG=1",
					"$(inherited)",
				);
				GCC_WARN_64_TO_32_BIT_CONVERSION = YES;
				GCC_WARN_ABOUT_RETURN_TYPE = YES_ERROR;
				GCC_WARN_UNDECLARED_SELECTOR = YES;
				GCC_WARN_UNINITIALIZED_AUTOS = YES_AGGRESSIVE;
				GCC_WARN_UNUSED_FUNCTION = YES;
				GCC_WARN_UNUSED_VARIABLE = YES;
				IPHONEOS_DEPLOYMENT_TARGET = 10.2;
				MTL_ENABLE_DEBUG_INFO = YES;
				ONLY_ACTIVE_ARCH = YES;
				SDKROOT = iphoneos;
				SWIFT_ACTIVE_COMPILATION_CONDITIONS = DEBUG;
				SWIFT_OPTIMIZATION_LEVEL = "-Onone";
				TARGETED_DEVICE_FAMILY = "1,2";
			};
			name = Debug;
		};
		42A287DA1E33F91A00A44A3E /* Release */ = {
			isa = XCBuildConfiguration;
			buildSettings = {
				ALWAYS_SEARCH_USER_PATHS = NO;
				CLANG_ANALYZER_NONNULL = YES;
				CLANG_CXX_LANGUAGE_STANDARD = "gnu++0x";
				CLANG_CXX_LIBRARY = "libc++";
				CLANG_ENABLE_MODULES = YES;
				CLANG_ENABLE_OBJC_ARC = YES;
				CLANG_WARN_BOOL_CONVERSION = YES;
				CLANG_WARN_CONSTANT_CONVERSION = YES;
				CLANG_WARN_DIRECT_OBJC_ISA_USAGE = YES_ERROR;
				CLANG_WARN_DOCUMENTATION_COMMENTS = YES;
				CLANG_WARN_EMPTY_BODY = YES;
				CLANG_WARN_ENUM_CONVERSION = YES;
				CLANG_WARN_INFINITE_RECURSION = YES;
				CLANG_WARN_INT_CONVERSION = YES;
				CLANG_WARN_OBJC_ROOT_CLASS = YES_ERROR;
				CLANG_WARN_SUSPICIOUS_MOVE = YES;
				CLANG_WARN_UNREACHABLE_CODE = YES;
				CLANG_WARN__DUPLICATE_METHOD_MATCH = YES;
				"CODE_SIGN_IDENTITY[sdk=iphoneos*]" = "iPhone Developer";
				COPY_PHASE_STRIP = NO;
				DEBUG_INFORMATION_FORMAT = "dwarf-with-dsym";
				ENABLE_NS_ASSERTIONS = NO;
				ENABLE_STRICT_OBJC_MSGSEND = YES;
				GCC_C_LANGUAGE_STANDARD = gnu99;
				GCC_NO_COMMON_BLOCKS = YES;
				GCC_WARN_64_TO_32_BIT_CONVERSION = YES;
				GCC_WARN_ABOUT_RETURN_TYPE = YES_ERROR;
				GCC_WARN_UNDECLARED_SELECTOR = YES;
				GCC_WARN_UNINITIALIZED_AUTOS = YES_AGGRESSIVE;
				GCC_WARN_UNUSED_FUNCTION = YES;
				GCC_WARN_UNUSED_VARIABLE = YES;
				IPHONEOS_DEPLOYMENT_TARGET = 10.2;
				MTL_ENABLE_DEBUG_INFO = NO;
				SDKROOT = iphoneos;
				SWIFT_OPTIMIZATION_LEVEL = "-Owholemodule";
				TARGETED_DEVICE_FAMILY = "1,2";
				VALIDATE_PRODUCT = YES;
			};
			name = Release;
		};
		42A287DC1E33F91A00A44A3E /* Debug */ = {
			isa = XCBuildConfiguration;
			buildSettings = {
				ASSETCATALOG_COMPILER_APPICON_NAME = AppIcon;
				INFOPLIST_FILE = Hubba/Info.plist;
				LD_RUNPATH_SEARCH_PATHS = "$(inherited) @executable_path/Frameworks";
				PRODUCT_BUNDLE_IDENTIFIER = com.Hubba.Hubba;
				PRODUCT_NAME = "$(TARGET_NAME)";
				SWIFT_VERSION = 3.0;
			};
			name = Debug;
		};
		42A287DD1E33F91A00A44A3E /* Release */ = {
			isa = XCBuildConfiguration;
			buildSettings = {
				ASSETCATALOG_COMPILER_APPICON_NAME = AppIcon;
				INFOPLIST_FILE = Hubba/Info.plist;
				LD_RUNPATH_SEARCH_PATHS = "$(inherited) @executable_path/Frameworks";
				PRODUCT_BUNDLE_IDENTIFIER = com.Hubba.Hubba;
				PRODUCT_NAME = "$(TARGET_NAME)";
				SWIFT_VERSION = 3.0;
			};
			name = Release;
		};
		42A287DF1E33F91A00A44A3E /* Debug */ = {
			isa = XCBuildConfiguration;
			buildSettings = {
				ALWAYS_EMBED_SWIFT_STANDARD_LIBRARIES = YES;
				BUNDLE_LOADER = "$(TEST_HOST)";
				INFOPLIST_FILE = HubbaTests/Info.plist;
				LD_RUNPATH_SEARCH_PATHS = "$(inherited) @executable_path/Frameworks @loader_path/Frameworks";
				PRODUCT_BUNDLE_IDENTIFIER = com.Hubba.HubbaTests;
				PRODUCT_NAME = "$(TARGET_NAME)";
				SWIFT_VERSION = 3.0;
				TEST_HOST = "$(BUILT_PRODUCTS_DIR)/Hubba.app/Hubba";
			};
			name = Debug;
		};
		42A287E01E33F91A00A44A3E /* Release */ = {
			isa = XCBuildConfiguration;
			buildSettings = {
				ALWAYS_EMBED_SWIFT_STANDARD_LIBRARIES = YES;
				BUNDLE_LOADER = "$(TEST_HOST)";
				INFOPLIST_FILE = HubbaTests/Info.plist;
				LD_RUNPATH_SEARCH_PATHS = "$(inherited) @executable_path/Frameworks @loader_path/Frameworks";
				PRODUCT_BUNDLE_IDENTIFIER = com.Hubba.HubbaTests;
				PRODUCT_NAME = "$(TARGET_NAME)";
				SWIFT_VERSION = 3.0;
				TEST_HOST = "$(BUILT_PRODUCTS_DIR)/Hubba.app/Hubba";
			};
			name = Release;
		};
/* End XCBuildConfiguration section */

/* Begin XCConfigurationList section */
		42A287B91E33F91A00A44A3E /* Build configuration list for PBXProject "Hubba" */ = {
			isa = XCConfigurationList;
			buildConfigurations = (
				42A287D91E33F91A00A44A3E /* Debug */,
				42A287DA1E33F91A00A44A3E /* Release */,
			);
			defaultConfigurationIsVisible = 0;
			defaultConfigurationName = Release;
		};
		42A287DB1E33F91A00A44A3E /* Build configuration list for PBXNativeTarget "Hubba" */ = {
			isa = XCConfigurationList;
			buildConfigurations = (
				42A287DC1E33F91A00A44A3E /* Debug */,
				42A287DD1E33F91A00A44A3E /* Release */,
			);
			defaultConfigurationIsVisible = 0;
		};
		42A287DE1E33F91A00A44A3E /* Build configuration list for PBXNativeTarget "HubbaTests" */ = {
			isa = XCConfigurationList;
			buildConfigurations = (
				42A287DF1E33F91A00A44A3E /* Debug */,
				42A287E01E33F91A00A44A3E /* Release */,
			);
			defaultConfigurationIsVisible = 0;
		};
/* End XCConfigurationList section */
	};
	rootObject = 42A287B61E33F91A00A44A3E /* Project object */;
}
